{
    "_readme": [
        "This file locks the dependencies of your project to a known state",
        "Read more about it at http://getcomposer.org/doc/01-basic-usage.md#composer-lock-the-lock-file"
    ],
    "hash": "ab8fe5c49612764ebe0de1ad68ee1152",
    "packages": [
        {
            "name": "druto/framework",
            "version": "v1.0.0",
            "source": {
                "type": "git",
                "url": "https://github.com/druto/framework.git",
                "reference": "e6f1e6f0c1b1e0fd987b0dd7255ba8702695e1b0"
            },
            "dist": {
                "type": "zip",
                "url": "https://api.github.com/repos/druto/framework/zipball/e6f1e6f0c1b1e0fd987b0dd7255ba8702695e1b0",
                "reference": "e6f1e6f0c1b1e0fd987b0dd7255ba8702695e1b0",
                "shasum": ""
            },
            "require": {
                "php": ">=5.3"
            },
            "type": "library",
            "autoload": {
                "psr-0": {
                    "Druto": "src/"
                }
            },
            "notification-url": "https://packagist.org/downloads/",
            "license": [
                "MIT"
            ],
            "authors": [
                {
                    "name": "Biswarup Adhikari",
                    "email": "biswarupadhikari@gmail.com"
                }
            ],
            "description": "Druto PHP Framework",
            "time": "2014-03-28 20:09:37"
        }
    ],
    "packages-dev": [

    ],
    "aliases": [

    ],
    "minimum-stability": "stable",
    "stability-flags": [

    ],
    "platform": [

    ],
    "platform-dev": [

    ]
}
